
Microsoft Visual Studio Solution File, Format Version 12.00
# Visual Studio Version 16
VisualStudioVersion = 16.0.31624.102
MinimumVisualStudioVersion = 10.0.40219.1
Project("{FAE04EC0-301F-11D3-BF4B-00C04F79EFBC}") = "ContactsApp", "ContactsApp\ContactsApp.csproj", "{61A75422-1747-4418-9D19-2A7432FB7462}"
EndProject
Global
	GlobalSection(SolutionConfigurationPlatforms) = preSolution
		Debug|Any CPU = Debug|Any CPU
		Release|Any CPU = Release|Any CPU
	EndGlobalSection
	GlobalSection(ProjectConfigurationPlatforms) = postSolution
		{61A75422-1747-4418-9D19-2A7432FB7462}.Debug|Any CPU.ActiveCfg = Debug|Any CPU
		{61A75422-1747-4418-9D19-2A7432FB7462}.Debug|Any CPU.Build.0 = Debug|Any CPU
		{61A75422-1747-4418-9D19-2A7432FB7462}.Release|Any CPU.ActiveCfg = Release|Any CPU
		{61A75422-1747-4418-9D19-2A7432FB7462}.Release|Any CPU.Build.0 = Release|Any CPU
	EndGlobalSection
	GlobalSection(SolutionProperties) = preSolution
		HideSolutionNode = FALSE
	EndGlobalSection
	GlobalSection(ExtensibilityGlobals) = postSolution
		SolutionGuid = {AF9257E1-2F03-4C6A-86D8-5FA0CB8618FE}
	EndGlobalSection
EndGlobal
